
Microsoft Visual Studio Solution File, Format Version 12.00
# Visual Studio 15
VisualStudioVersion = 15.0.26430.16
MinimumVisualStudioVersion = 10.0.40219.1
Project("{FAE04EC0-301F-11D3-BF4B-00C04F79EFBC}") = "GameMaster", "GameMaster\GameMaster.csproj", "{340CCC0E-55D8-4921-8F84-1F2482D6B816}"
EndProject
Project("{FAE04EC0-301F-11D3-BF4B-00C04F79EFBC}") = "PaperViewer", "PaperViewer\PaperViewer.csproj", "{4B019CFF-A2A4-4DC7-B966-8C9528972F17}"
EndProject
Project("{FAE04EC0-301F-11D3-BF4B-00C04F79EFBC}") = "PaperEditor", "PaperEditor\PaperEditor.csproj", "{A146488B-14AB-41E3-8217-466D222237D1}"
EndProject
Project("{FAE04EC0-301F-11D3-BF4B-00C04F79EFBC}") = "Paper", "Paper\Paper.csproj", "{199B712F-1315-4742-9767-E9886E1CDE4A}"
EndProject
Project("{FAE04EC0-301F-11D3-BF4B-00C04F79EFBC}") = "TestUmgebung", "TestUmgebung\TestUmgebung.csproj", "{F8967B99-05A6-43E1-85AB-3389B0AFCCB8}"
EndProject
Project("{FAE04EC0-301F-11D3-BF4B-00C04F79EFBC}") = "PdfSharp", "PdfSharp\PdfSharp.csproj", "{5A6055BC-BF86-4FDD-9F62-0109DB7A303B}"
EndProject
Project("{FAE04EC0-301F-11D3-BF4B-00C04F79EFBC}") = "PdfSharp-gdi", "PdfSharp-gdi\PdfSharp-gdi.csproj", "{5384CE57-1F94-4D22-860D-2E9C1AC12DDF}"
EndProject
Project("{FAE04EC0-301F-11D3-BF4B-00C04F79EFBC}") = "PdfSharp-wpf", "PdfSharp-wpf\PdfSharp-wpf.csproj", "{02FCC0BB-2AA2-43BA-8D2F-66D168B87A1D}"
EndProject
Global
	GlobalSection(SolutionConfigurationPlatforms) = preSolution
		Debug|Any CPU = Debug|Any CPU
		Debug|ARM = Debug|ARM
		Debug|x64 = Debug|x64
		Debug|x86 = Debug|x86
		Release|Any CPU = Release|Any CPU
		Release|ARM = Release|ARM
		Release|x64 = Release|x64
		Release|x86 = Release|x86
	EndGlobalSection
	GlobalSection(ProjectConfigurationPlatforms) = postSolution
		{340CCC0E-55D8-4921-8F84-1F2482D6B816}.Debug|Any CPU.ActiveCfg = Debug|Any CPU
		{340CCC0E-55D8-4921-8F84-1F2482D6B816}.Debug|Any CPU.Build.0 = Debug|Any CPU
		{340CCC0E-55D8-4921-8F84-1F2482D6B816}.Debug|ARM.ActiveCfg = Debug|Any CPU
		{340CCC0E-55D8-4921-8F84-1F2482D6B816}.Debug|ARM.Build.0 = Debug|Any CPU
		{340CCC0E-55D8-4921-8F84-1F2482D6B816}.Debug|x64.ActiveCfg = Debug|Any CPU
		{340CCC0E-55D8-4921-8F84-1F2482D6B816}.Debug|x64.Build.0 = Debug|Any CPU
		{340CCC0E-55D8-4921-8F84-1F2482D6B816}.Debug|x86.ActiveCfg = Debug|Any CPU
		{340CCC0E-55D8-4921-8F84-1F2482D6B816}.Debug|x86.Build.0 = Debug|Any CPU
		{340CCC0E-55D8-4921-8F84-1F2482D6B816}.Release|Any CPU.ActiveCfg = Release|Any CPU
		{340CCC0E-55D8-4921-8F84-1F2482D6B816}.Release|Any CPU.Build.0 = Release|Any CPU
		{340CCC0E-55D8-4921-8F84-1F2482D6B816}.Release|ARM.ActiveCfg = Release|Any CPU
		{340CCC0E-55D8-4921-8F84-1F2482D6B816}.Release|ARM.Build.0 = Release|Any CPU
		{340CCC0E-55D8-4921-8F84-1F2482D6B816}.Release|x64.ActiveCfg = Release|Any CPU
		{340CCC0E-55D8-4921-8F84-1F2482D6B816}.Release|x64.Build.0 = Release|Any CPU
		{340CCC0E-55D8-4921-8F84-1F2482D6B816}.Release|x86.ActiveCfg = Release|Any CPU
		{340CCC0E-55D8-4921-8F84-1F2482D6B816}.Release|x86.Build.0 = Release|Any CPU
		{4B019CFF-A2A4-4DC7-B966-8C9528972F17}.Debug|Any CPU.ActiveCfg = Debug|Any CPU
		{4B019CFF-A2A4-4DC7-B966-8C9528972F17}.Debug|Any CPU.Build.0 = Debug|Any CPU
		{4B019CFF-A2A4-4DC7-B966-8C9528972F17}.Debug|ARM.ActiveCfg = Debug|Any CPU
		{4B019CFF-A2A4-4DC7-B966-8C9528972F17}.Debug|ARM.Build.0 = Debug|Any CPU
		{4B019CFF-A2A4-4DC7-B966-8C9528972F17}.Debug|x64.ActiveCfg = Debug|Any CPU
		{4B019CFF-A2A4-4DC7-B966-8C9528972F17}.Debug|x64.Build.0 = Debug|Any CPU
		{4B019CFF-A2A4-4DC7-B966-8C9528972F17}.Debug|x86.ActiveCfg = Debug|Any CPU
		{4B019CFF-A2A4-4DC7-B966-8C9528972F17}.Debug|x86.Build.0 = Debug|Any CPU
		{4B019CFF-A2A4-4DC7-B966-8C9528972F17}.Release|Any CPU.ActiveCfg = Release|Any CPU
		{4B019CFF-A2A4-4DC7-B966-8C9528972F17}.Release|Any CPU.Build.0 = Release|Any CPU
		{4B019CFF-A2A4-4DC7-B966-8C9528972F17}.Release|ARM.ActiveCfg = Release|Any CPU
		{4B019CFF-A2A4-4DC7-B966-8C9528972F17}.Release|ARM.Build.0 = Release|Any CPU
		{4B019CFF-A2A4-4DC7-B966-8C9528972F17}.Release|x64.ActiveCfg = Release|Any CPU
		{4B019CFF-A2A4-4DC7-B966-8C9528972F17}.Release|x64.Build.0 = Release|Any CPU
		{4B019CFF-A2A4-4DC7-B966-8C9528972F17}.Release|x86.ActiveCfg = Release|Any CPU
		{4B019CFF-A2A4-4DC7-B966-8C9528972F17}.Release|x86.Build.0 = Release|Any CPU
		{A146488B-14AB-41E3-8217-466D222237D1}.Debug|Any CPU.ActiveCfg = Debug|Any CPU
		{A146488B-14AB-41E3-8217-466D222237D1}.Debug|Any CPU.Build.0 = Debug|Any CPU
		{A146488B-14AB-41E3-8217-466D222237D1}.Debug|ARM.ActiveCfg = Debug|Any CPU
		{A146488B-14AB-41E3-8217-466D222237D1}.Debug|ARM.Build.0 = Debug|Any CPU
		{A146488B-14AB-41E3-8217-466D222237D1}.Debug|x64.ActiveCfg = Debug|Any CPU
		{A146488B-14AB-41E3-8217-466D222237D1}.Debug|x64.Build.0 = Debug|Any CPU
		{A146488B-14AB-41E3-8217-466D222237D1}.Debug|x86.ActiveCfg = Debug|Any CPU
		{A146488B-14AB-41E3-8217-466D222237D1}.Debug|x86.Build.0 = Debug|Any CPU
		{A146488B-14AB-41E3-8217-466D222237D1}.Release|Any CPU.ActiveCfg = Release|Any CPU
		{A146488B-14AB-41E3-8217-466D222237D1}.Release|Any CPU.Build.0 = Release|Any CPU
		{A146488B-14AB-41E3-8217-466D222237D1}.Release|ARM.ActiveCfg = Release|Any CPU
		{A146488B-14AB-41E3-8217-466D222237D1}.Release|ARM.Build.0 = Release|Any CPU
		{A146488B-14AB-41E3-8217-466D222237D1}.Release|x64.ActiveCfg = Release|Any CPU
		{A146488B-14AB-41E3-8217-466D222237D1}.Release|x64.Build.0 = Release|Any CPU
		{A146488B-14AB-41E3-8217-466D222237D1}.Release|x86.ActiveCfg = Release|Any CPU
		{A146488B-14AB-41E3-8217-466D222237D1}.Release|x86.Build.0 = Release|Any CPU
		{199B712F-1315-4742-9767-E9886E1CDE4A}.Debug|Any CPU.ActiveCfg = Debug|Any CPU
		{199B712F-1315-4742-9767-E9886E1CDE4A}.Debug|Any CPU.Build.0 = Debug|Any CPU
		{199B712F-1315-4742-9767-E9886E1CDE4A}.Debug|ARM.ActiveCfg = Debug|Any CPU
		{199B712F-1315-4742-9767-E9886E1CDE4A}.Debug|ARM.Build.0 = Debug|Any CPU
		{199B712F-1315-4742-9767-E9886E1CDE4A}.Debug|x64.ActiveCfg = Debug|Any CPU
		{199B712F-1315-4742-9767-E9886E1CDE4A}.Debug|x64.Build.0 = Debug|Any CPU
		{199B712F-1315-4742-9767-E9886E1CDE4A}.Debug|x86.ActiveCfg = Debug|Any CPU
		{199B712F-1315-4742-9767-E9886E1CDE4A}.Debug|x86.Build.0 = Debug|Any CPU
		{199B712F-1315-4742-9767-E9886E1CDE4A}.Release|Any CPU.ActiveCfg = Release|Any CPU
		{199B712F-1315-4742-9767-E9886E1CDE4A}.Release|Any CPU.Build.0 = Release|Any CPU
		{199B712F-1315-4742-9767-E9886E1CDE4A}.Release|ARM.ActiveCfg = Release|Any CPU
		{199B712F-1315-4742-9767-E9886E1CDE4A}.Release|ARM.Build.0 = Release|Any CPU
		{199B712F-1315-4742-9767-E9886E1CDE4A}.Release|x64.ActiveCfg = Release|Any CPU
		{199B712F-1315-4742-9767-E9886E1CDE4A}.Release|x64.Build.0 = Release|Any CPU
		{199B712F-1315-4742-9767-E9886E1CDE4A}.Release|x86.ActiveCfg = Release|Any CPU
		{199B712F-1315-4742-9767-E9886E1CDE4A}.Release|x86.Build.0 = Release|Any CPU
		{F8967B99-05A6-43E1-85AB-3389B0AFCCB8}.Debug|Any CPU.ActiveCfg = Debug|Any CPU
		{F8967B99-05A6-43E1-85AB-3389B0AFCCB8}.Debug|Any CPU.Build.0 = Debug|Any CPU
		{F8967B99-05A6-43E1-85AB-3389B0AFCCB8}.Debug|ARM.ActiveCfg = Debug|Any CPU
		{F8967B99-05A6-43E1-85AB-3389B0AFCCB8}.Debug|ARM.Build.0 = Debug|Any CPU
		{F8967B99-05A6-43E1-85AB-3389B0AFCCB8}.Debug|x64.ActiveCfg = Debug|Any CPU
		{F8967B99-05A6-43E1-85AB-3389B0AFCCB8}.Debug|x64.Build.0 = Debug|Any CPU
		{F8967B99-05A6-43E1-85AB-3389B0AFCCB8}.Debug|x86.ActiveCfg = Debug|Any CPU
		{F8967B99-05A6-43E1-85AB-3389B0AFCCB8}.Debug|x86.Build.0 = Debug|Any CPU
		{F8967B99-05A6-43E1-85AB-3389B0AFCCB8}.Release|Any CPU.ActiveCfg = Release|Any CPU
		{F8967B99-05A6-43E1-85AB-3389B0AFCCB8}.Release|Any CPU.Build.0 = Release|Any CPU
		{F8967B99-05A6-43E1-85AB-3389B0AFCCB8}.Release|ARM.ActiveCfg = Release|Any CPU
		{F8967B99-05A6-43E1-85AB-3389B0AFCCB8}.Release|ARM.Build.0 = Release|Any CPU
		{F8967B99-05A6-43E1-85AB-3389B0AFCCB8}.Release|x64.ActiveCfg = Release|Any CPU
		{F8967B99-05A6-43E1-85AB-3389B0AFCCB8}.Release|x64.Build.0 = Release|Any CPU
		{F8967B99-05A6-43E1-85AB-3389B0AFCCB8}.Release|x86.ActiveCfg = Release|Any CPU
		{F8967B99-05A6-43E1-85AB-3389B0AFCCB8}.Release|x86.Build.0 = Release|Any CPU
		{5A6055BC-BF86-4FDD-9F62-0109DB7A303B}.Debug|Any CPU.ActiveCfg = Debug|Any CPU
		{5A6055BC-BF86-4FDD-9F62-0109DB7A303B}.Debug|Any CPU.Build.0 = Debug|Any CPU
		{5A6055BC-BF86-4FDD-9F62-0109DB7A303B}.Debug|ARM.ActiveCfg = Debug|Any CPU
		{5A6055BC-BF86-4FDD-9F62-0109DB7A303B}.Debug|ARM.Build.0 = Debug|Any CPU
		{5A6055BC-BF86-4FDD-9F62-0109DB7A303B}.Debug|x64.ActiveCfg = Debug|Any CPU
		{5A6055BC-BF86-4FDD-9F62-0109DB7A303B}.Debug|x64.Build.0 = Debug|Any CPU
		{5A6055BC-BF86-4FDD-9F62-0109DB7A303B}.Debug|x86.ActiveCfg = Debug|Any CPU
		{5A6055BC-BF86-4FDD-9F62-0109DB7A303B}.Debug|x86.Build.0 = Debug|Any CPU
		{5A6055BC-BF86-4FDD-9F62-0109DB7A303B}.Release|Any CPU.ActiveCfg = Release|Any CPU
		{5A6055BC-BF86-4FDD-9F62-0109DB7A303B}.Release|Any CPU.Build.0 = Release|Any CPU
		{5A6055BC-BF86-4FDD-9F62-0109DB7A303B}.Release|ARM.ActiveCfg = Release|Any CPU
		{5A6055BC-BF86-4FDD-9F62-0109DB7A303B}.Release|ARM.Build.0 = Release|Any CPU
		{5A6055BC-BF86-4FDD-9F62-0109DB7A303B}.Release|x64.ActiveCfg = Release|Any CPU
		{5A6055BC-BF86-4FDD-9F62-0109DB7A303B}.Release|x64.Build.0 = Release|Any CPU
		{5A6055BC-BF86-4FDD-9F62-0109DB7A303B}.Release|x86.ActiveCfg = Release|Any CPU
		{5A6055BC-BF86-4FDD-9F62-0109DB7A303B}.Release|x86.Build.0 = Release|Any CPU
		{5384CE57-1F94-4D22-860D-2E9C1AC12DDF}.Debug|Any CPU.ActiveCfg = Debug|Any CPU
		{5384CE57-1F94-4D22-860D-2E9C1AC12DDF}.Debug|Any CPU.Build.0 = Debug|Any CPU
		{5384CE57-1F94-4D22-860D-2E9C1AC12DDF}.Debug|ARM.ActiveCfg = Debug|Any CPU
		{5384CE57-1F94-4D22-860D-2E9C1AC12DDF}.Debug|ARM.Build.0 = Debug|Any CPU
		{5384CE57-1F94-4D22-860D-2E9C1AC12DDF}.Debug|x64.ActiveCfg = Debug|Any CPU
		{5384CE57-1F94-4D22-860D-2E9C1AC12DDF}.Debug|x64.Build.0 = Debug|Any CPU
		{5384CE57-1F94-4D22-860D-2E9C1AC12DDF}.Debug|x86.ActiveCfg = Debug|Any CPU
		{5384CE57-1F94-4D22-860D-2E9C1AC12DDF}.Debug|x86.Build.0 = Debug|Any CPU
		{5384CE57-1F94-4D22-860D-2E9C1AC12DDF}.Release|Any CPU.ActiveCfg = Release|Any CPU
		{5384CE57-1F94-4D22-860D-2E9C1AC12DDF}.Release|Any CPU.Build.0 = Release|Any CPU
		{5384CE57-1F94-4D22-860D-2E9C1AC12DDF}.Release|ARM.ActiveCfg = Release|Any CPU
		{5384CE57-1F94-4D22-860D-2E9C1AC12DDF}.Release|ARM.Build.0 = Release|Any CPU
		{5384CE57-1F94-4D22-860D-2E9C1AC12DDF}.Release|x64.ActiveCfg = Release|Any CPU
		{5384CE57-1F94-4D22-860D-2E9C1AC12DDF}.Release|x64.Build.0 = Release|Any CPU
		{5384CE57-1F94-4D22-860D-2E9C1AC12DDF}.Release|x86.ActiveCfg = Release|Any CPU
		{5384CE57-1F94-4D22-860D-2E9C1AC12DDF}.Release|x86.Build.0 = Release|Any CPU
		{02FCC0BB-2AA2-43BA-8D2F-66D168B87A1D}.Debug|Any CPU.ActiveCfg = Debug|Any CPU
		{02FCC0BB-2AA2-43BA-8D2F-66D168B87A1D}.Debug|Any CPU.Build.0 = Debug|Any CPU
		{02FCC0BB-2AA2-43BA-8D2F-66D168B87A1D}.Debug|ARM.ActiveCfg = Debug|Any CPU
		{02FCC0BB-2AA2-43BA-8D2F-66D168B87A1D}.Debug|ARM.Build.0 = Debug|Any CPU
		{02FCC0BB-2AA2-43BA-8D2F-66D168B87A1D}.Debug|x64.ActiveCfg = Debug|Any CPU
		{02FCC0BB-2AA2-43BA-8D2F-66D168B87A1D}.Debug|x64.Build.0 = Debug|Any CPU
		{02FCC0BB-2AA2-43BA-8D2F-66D168B87A1D}.Debug|x86.ActiveCfg = Debug|Any CPU
		{02FCC0BB-2AA2-43BA-8D2F-66D168B87A1D}.Debug|x86.Build.0 = Debug|Any CPU
		{02FCC0BB-2AA2-43BA-8D2F-66D168B87A1D}.Release|Any CPU.ActiveCfg = Release|Any CPU
		{02FCC0BB-2AA2-43BA-8D2F-66D168B87A1D}.Release|Any CPU.Build.0 = Release|Any CPU
		{02FCC0BB-2AA2-43BA-8D2F-66D168B87A1D}.Release|ARM.ActiveCfg = Release|Any CPU
		{02FCC0BB-2AA2-43BA-8D2F-66D168B87A1D}.Release|ARM.Build.0 = Release|Any CPU
		{02FCC0BB-2AA2-43BA-8D2F-66D168B87A1D}.Release|x64.ActiveCfg = Release|Any CPU
		{02FCC0BB-2AA2-43BA-8D2F-66D168B87A1D}.Release|x64.Build.0 = Release|Any CPU
		{02FCC0BB-2AA2-43BA-8D2F-66D168B87A1D}.Release|x86.ActiveCfg = Release|Any CPU
		{02FCC0BB-2AA2-43BA-8D2F-66D168B87A1D}.Release|x86.Build.0 = Release|Any CPU
	EndGlobalSection
	GlobalSection(SolutionProperties) = preSolution
		HideSolutionNode = FALSE
	EndGlobalSection
	GlobalSection(ExtensibilityGlobals) = postSolution
		SolutionGuid = {93878E37-D6C8-474E-B949-F1A0A3D4ABBB}
	EndGlobalSection
EndGlobal
